// !$*UTF8*$!
{
	archiveVersion = 1;
	classes = {
	};
	objectVersion = 56;
	objects = {

/* Begin PBXBuildFile section */
		3A24D9232BF681DE00E829CF /* ProfilePhotoSelectorView.swift in Sources */ = {isa = PBXBuildFile; fileRef = 3A24D9222BF681DE00E829CF /* ProfilePhotoSelectorView.swift */; };
		3A251E5F2BF5193E00643F2C /* LoginView.swift in Sources */ = {isa = PBXBuildFile; fileRef = 3A251E5E2BF5193E00643F2C /* LoginView.swift */; };
		3A251E612BF519A500643F2C /* RegistrationView.swift in Sources */ = {isa = PBXBuildFile; fileRef = 3A251E602BF519A500643F2C /* RegistrationView.swift */; };
		3A36BA3A2BF3EB4800470C8C /* SideMenuView.swift in Sources */ = {isa = PBXBuildFile; fileRef = 3A36BA392BF3EB4800470C8C /* SideMenuView.swift */; };
		3A36BA3C2BF3EB6F00470C8C /* SideMenuRowView.swift in Sources */ = {isa = PBXBuildFile; fileRef = 3A36BA3B2BF3EB6F00470C8C /* SideMenuRowView.swift */; };
		3A36BA3E2BF3EB9900470C8C /* SideMenuViewModel.swift in Sources */ = {isa = PBXBuildFile; fileRef = 3A36BA3D2BF3EB9900470C8C /* SideMenuViewModel.swift */; };
		3A36BA402BF3F3B900470C8C /* UserStatsView.swift in Sources */ = {isa = PBXBuildFile; fileRef = 3A36BA3F2BF3F3B900470C8C /* UserStatsView.swift */; };
		3A36BA422BF4177E00470C8C /* SideMenuOptionRowView.swift in Sources */ = {isa = PBXBuildFile; fileRef = 3A36BA412BF4177D00470C8C /* SideMenuOptionRowView.swift */; };
		3A36BA472BF43ADB00470C8C /* NewTweetView.swift in Sources */ = {isa = PBXBuildFile; fileRef = 3A36BA462BF43ADB00470C8C /* NewTweetView.swift */; };
		3A36BA492BF43E2E00470C8C /* TextArea.swift in Sources */ = {isa = PBXBuildFile; fileRef = 3A36BA482BF43E2E00470C8C /* TextArea.swift */; };
		3A3EAA552BF8351600963D46 /* ExploreViewModel.swift in Sources */ = {isa = PBXBuildFile; fileRef = 3A3EAA542BF8351600963D46 /* ExploreViewModel.swift */; };
		3A3EAA572BF8431200963D46 /* SearchBar.swift in Sources */ = {isa = PBXBuildFile; fileRef = 3A3EAA562BF8431200963D46 /* SearchBar.swift */; };
		3A6231252BFBDB34007570D5 /* FeedViewModel.swift in Sources */ = {isa = PBXBuildFile; fileRef = 3A6231242BFBDB34007570D5 /* FeedViewModel.swift */; };
		3A6231272BFBDDB7007570D5 /* Tweet.swift in Sources */ = {isa = PBXBuildFile; fileRef = 3A6231262BFBDDB7007570D5 /* Tweet.swift */; };
		3A6231292BFC07DC007570D5 /* ProfileViewModel.swift in Sources */ = {isa = PBXBuildFile; fileRef = 3A6231282BFC07DC007570D5 /* ProfileViewModel.swift */; };
		3A8153CE2BF2834800F0CEC0 /* FeedView.swift in Sources */ = {isa = PBXBuildFile; fileRef = 3A8153CD2BF2834800F0CEC0 /* FeedView.swift */; };
		3A8153D12BF284CE00F0CEC0 /* TweetRowView.swift in Sources */ = {isa = PBXBuildFile; fileRef = 3A8153D02BF284CE00F0CEC0 /* TweetRowView.swift */; };
		3A8153D42BF2A0DE00F0CEC0 /* MainTabView.swift in Sources */ = {isa = PBXBuildFile; fileRef = 3A8153D32BF2A0DE00F0CEC0 /* MainTabView.swift */; };
		3A87F88C2BF58422008963EF /* AuthViewModel.swift in Sources */ = {isa = PBXBuildFile; fileRef = 3A87F88B2BF58422008963EF /* AuthViewModel.swift */; };
		3A90E3A52BF53CA800F486CA /* RoundedShape.swift in Sources */ = {isa = PBXBuildFile; fileRef = 3A90E3A42BF53CA800F486CA /* RoundedShape.swift */; };
		3A90E3A72BF5494800F486CA /* CustomInputField.swift in Sources */ = {isa = PBXBuildFile; fileRef = 3A90E3A62BF5494800F486CA /* CustomInputField.swift */; };
		3A90E3A92BF55D3700F486CA /* AuthHeaderView.swift in Sources */ = {isa = PBXBuildFile; fileRef = 3A90E3A82BF55D3700F486CA /* AuthHeaderView.swift */; };
		3A90E3AB2BF56E3B00F486CA /* GoogleService-Info.plist in Resources */ = {isa = PBXBuildFile; fileRef = 3A90E3AA2BF56E3B00F486CA /* GoogleService-Info.plist */; };
		3A90E3AE2BF56F0C00F486CA /* FirebaseAuth in Frameworks */ = {isa = PBXBuildFile; productRef = 3A90E3AD2BF56F0C00F486CA /* FirebaseAuth */; };
		3A90E3B02BF56F0C00F486CA /* FirebaseFirestore in Frameworks */ = {isa = PBXBuildFile; productRef = 3A90E3AF2BF56F0C00F486CA /* FirebaseFirestore */; };
		3A90E3B22BF56F0C00F486CA /* FirebaseFirestoreSwift in Frameworks */ = {isa = PBXBuildFile; productRef = 3A90E3B12BF56F0C00F486CA /* FirebaseFirestoreSwift */; };
		3A90E3B42BF56F0C00F486CA /* FirebaseStorage in Frameworks */ = {isa = PBXBuildFile; productRef = 3A90E3B32BF56F0C00F486CA /* FirebaseStorage */; };
		3AE326172BF965A80008983B /* TweetService.swift in Sources */ = {isa = PBXBuildFile; fileRef = 3AE326162BF965A80008983B /* TweetService.swift */; };
		3AE326192BF967D40008983B /* UploadTweetViewModel.swift in Sources */ = {isa = PBXBuildFile; fileRef = 3AE326182BF967D40008983B /* UploadTweetViewModel.swift */; };
		3AEB95CA2BF2AD000083999B /* ExploreView.swift in Sources */ = {isa = PBXBuildFile; fileRef = 3AEB95C92BF2AD000083999B /* ExploreView.swift */; };
		3AEB95CC2BF2AD1B0083999B /* MessagesView.swift in Sources */ = {isa = PBXBuildFile; fileRef = 3AEB95CB2BF2AD1B0083999B /* MessagesView.swift */; };
		3AEB95CE2BF2AD350083999B /* NotificationsView.swift in Sources */ = {isa = PBXBuildFile; fileRef = 3AEB95CD2BF2AD350083999B /* NotificationsView.swift */; };
		3AEB95D22BF2B02B0083999B /* ProfileView.swift in Sources */ = {isa = PBXBuildFile; fileRef = 3AEB95D12BF2B02B0083999B /* ProfileView.swift */; };
		3AEB95D52BF2E2A70083999B /* TweetFilterViewModel.swift in Sources */ = {isa = PBXBuildFile; fileRef = 3AEB95D42BF2E2A70083999B /* TweetFilterViewModel.swift */; };
		3AEB95DA2BF2FC940083999B /* UserRowView.swift in Sources */ = {isa = PBXBuildFile; fileRef = 3AEB95D92BF2FC940083999B /* UserRowView.swift */; };
		3AF3FCB12BF696980000712C /* ImagePicker.swift in Sources */ = {isa = PBXBuildFile; fileRef = 3AF3FCB02BF696980000712C /* ImagePicker.swift */; };
		3AF3FCB52BF6C77A0000712C /* ImageUploader.swift in Sources */ = {isa = PBXBuildFile; fileRef = 3AF3FCB42BF6C77A0000712C /* ImageUploader.swift */; };
		3AF3FCB72BF6E3C00000712C /* UserService.swift in Sources */ = {isa = PBXBuildFile; fileRef = 3AF3FCB62BF6E3C00000712C /* UserService.swift */; };
		3AF3FCB92BF6E8F10000712C /* User.swift in Sources */ = {isa = PBXBuildFile; fileRef = 3AF3FCB82BF6E8F10000712C /* User.swift */; };
		3AF3FCBC2BF6FCA30000712C /* Kingfisher in Frameworks */ = {isa = PBXBuildFile; productRef = 3AF3FCBB2BF6FCA30000712C /* Kingfisher */; };
		3AF55EA72BF0F8B200F7C330 /* Twitter_CloneApp.swift in Sources */ = {isa = PBXBuildFile; fileRef = 3AF55EA62BF0F8B200F7C330 /* Twitter_CloneApp.swift */; };
		3AF55EA92BF0F8B200F7C330 /* ContentView.swift in Sources */ = {isa = PBXBuildFile; fileRef = 3AF55EA82BF0F8B200F7C330 /* ContentView.swift */; };
		3AF55EAB2BF0F8B300F7C330 /* Assets.xcassets in Resources */ = {isa = PBXBuildFile; fileRef = 3AF55EAA2BF0F8B300F7C330 /* Assets.xcassets */; };
		3AF55EAE2BF0F8B300F7C330 /* Preview Assets.xcassets in Resources */ = {isa = PBXBuildFile; fileRef = 3AF55EAD2BF0F8B300F7C330 /* Preview Assets.xcassets */; };
/* End PBXBuildFile section */

/* Begin PBXFileReference section */
		3A24D9222BF681DE00E829CF /* ProfilePhotoSelectorView.swift */ = {isa = PBXFileReference; lastKnownFileType = sourcecode.swift; path = ProfilePhotoSelectorView.swift; sourceTree = "<group>"; };
		3A251E5E2BF5193E00643F2C /* LoginView.swift */ = {isa = PBXFileReference; lastKnownFileType = sourcecode.swift; path = LoginView.swift; sourceTree = "<group>"; };
		3A251E602BF519A500643F2C /* RegistrationView.swift */ = {isa = PBXFileReference; lastKnownFileType = sourcecode.swift; path = RegistrationView.swift; sourceTree = "<group>"; };
		3A36BA392BF3EB4800470C8C /* SideMenuView.swift */ = {isa = PBXFileReference; lastKnownFileType = sourcecode.swift; path = SideMenuView.swift; sourceTree = "<group>"; };
		3A36BA3B2BF3EB6F00470C8C /* SideMenuRowView.swift */ = {isa = PBXFileReference; lastKnownFileType = sourcecode.swift; path = SideMenuRowView.swift; sourceTree = "<group>"; };
		3A36BA3D2BF3EB9900470C8C /* SideMenuViewModel.swift */ = {isa = PBXFileReference; lastKnownFileType = sourcecode.swift; path = SideMenuViewModel.swift; sourceTree = "<group>"; };
		3A36BA3F2BF3F3B900470C8C /* UserStatsView.swift */ = {isa = PBXFileReference; lastKnownFileType = sourcecode.swift; path = UserStatsView.swift; sourceTree = "<group>"; };
		3A36BA412BF4177D00470C8C /* SideMenuOptionRowView.swift */ = {isa = PBXFileReference; lastKnownFileType = sourcecode.swift; path = SideMenuOptionRowView.swift; sourceTree = "<group>"; };
		3A36BA462BF43ADB00470C8C /* NewTweetView.swift */ = {isa = PBXFileReference; lastKnownFileType = sourcecode.swift; path = NewTweetView.swift; sourceTree = "<group>"; };
		3A36BA482BF43E2E00470C8C /* TextArea.swift */ = {isa = PBXFileReference; lastKnownFileType = sourcecode.swift; path = TextArea.swift; sourceTree = "<group>"; };
		3A3EAA542BF8351600963D46 /* ExploreViewModel.swift */ = {isa = PBXFileReference; lastKnownFileType = sourcecode.swift; path = ExploreViewModel.swift; sourceTree = "<group>"; };
		3A3EAA562BF8431200963D46 /* SearchBar.swift */ = {isa = PBXFileReference; lastKnownFileType = sourcecode.swift; path = SearchBar.swift; sourceTree = "<group>"; };
		3A6231242BFBDB34007570D5 /* FeedViewModel.swift */ = {isa = PBXFileReference; lastKnownFileType = sourcecode.swift; path = FeedViewModel.swift; sourceTree = "<group>"; };
		3A6231262BFBDDB7007570D5 /* Tweet.swift */ = {isa = PBXFileReference; lastKnownFileType = sourcecode.swift; path = Tweet.swift; sourceTree = "<group>"; };
		3A6231282BFC07DC007570D5 /* ProfileViewModel.swift */ = {isa = PBXFileReference; lastKnownFileType = sourcecode.swift; path = ProfileViewModel.swift; sourceTree = "<group>"; };
		3A8153CD2BF2834800F0CEC0 /* FeedView.swift */ = {isa = PBXFileReference; lastKnownFileType = sourcecode.swift; path = FeedView.swift; sourceTree = "<group>"; };
		3A8153D02BF284CE00F0CEC0 /* TweetRowView.swift */ = {isa = PBXFileReference; lastKnownFileType = sourcecode.swift; path = TweetRowView.swift; sourceTree = "<group>"; };
		3A8153D32BF2A0DE00F0CEC0 /* MainTabView.swift */ = {isa = PBXFileReference; lastKnownFileType = sourcecode.swift; path = MainTabView.swift; sourceTree = "<group>"; };
		3A87F88B2BF58422008963EF /* AuthViewModel.swift */ = {isa = PBXFileReference; lastKnownFileType = sourcecode.swift; path = AuthViewModel.swift; sourceTree = "<group>"; };
		3A90E3A42BF53CA800F486CA /* RoundedShape.swift */ = {isa = PBXFileReference; lastKnownFileType = sourcecode.swift; path = RoundedShape.swift; sourceTree = "<group>"; };
		3A90E3A62BF5494800F486CA /* CustomInputField.swift */ = {isa = PBXFileReference; lastKnownFileType = sourcecode.swift; path = CustomInputField.swift; sourceTree = "<group>"; };
		3A90E3A82BF55D3700F486CA /* AuthHeaderView.swift */ = {isa = PBXFileReference; lastKnownFileType = sourcecode.swift; path = AuthHeaderView.swift; sourceTree = "<group>"; };
		3A90E3AA2BF56E3B00F486CA /* GoogleService-Info.plist */ = {isa = PBXFileReference; fileEncoding = 4; lastKnownFileType = text.plist.xml; name = "GoogleService-Info.plist"; path = "Twitter-Clone/GoogleService-Info.plist"; sourceTree = SOURCE_ROOT; };
		3AE326162BF965A80008983B /* TweetService.swift */ = {isa = PBXFileReference; lastKnownFileType = sourcecode.swift; path = TweetService.swift; sourceTree = "<group>"; };
		3AE326182BF967D40008983B /* UploadTweetViewModel.swift */ = {isa = PBXFileReference; lastKnownFileType = sourcecode.swift; path = UploadTweetViewModel.swift; sourceTree = "<group>"; };
		3AEB95C92BF2AD000083999B /* ExploreView.swift */ = {isa = PBXFileReference; lastKnownFileType = sourcecode.swift; path = ExploreView.swift; sourceTree = "<group>"; };
		3AEB95CB2BF2AD1B0083999B /* MessagesView.swift */ = {isa = PBXFileReference; lastKnownFileType = sourcecode.swift; path = MessagesView.swift; sourceTree = "<group>"; };
		3AEB95CD2BF2AD350083999B /* NotificationsView.swift */ = {isa = PBXFileReference; lastKnownFileType = sourcecode.swift; path = NotificationsView.swift; sourceTree = "<group>"; };
		3AEB95D12BF2B02B0083999B /* ProfileView.swift */ = {isa = PBXFileReference; lastKnownFileType = sourcecode.swift; path = ProfileView.swift; sourceTree = "<group>"; };
		3AEB95D42BF2E2A70083999B /* TweetFilterViewModel.swift */ = {isa = PBXFileReference; lastKnownFileType = sourcecode.swift; path = TweetFilterViewModel.swift; sourceTree = "<group>"; };
		3AEB95D92BF2FC940083999B /* UserRowView.swift */ = {isa = PBXFileReference; lastKnownFileType = sourcecode.swift; path = UserRowView.swift; sourceTree = "<group>"; };
		3AF3FCB02BF696980000712C /* ImagePicker.swift */ = {isa = PBXFileReference; lastKnownFileType = sourcecode.swift; path = ImagePicker.swift; sourceTree = "<group>"; };
		3AF3FCB42BF6C77A0000712C /* ImageUploader.swift */ = {isa = PBXFileReference; lastKnownFileType = sourcecode.swift; path = ImageUploader.swift; sourceTree = "<group>"; };
		3AF3FCB62BF6E3C00000712C /* UserService.swift */ = {isa = PBXFileReference; lastKnownFileType = sourcecode.swift; path = UserService.swift; sourceTree = "<group>"; };
		3AF3FCB82BF6E8F10000712C /* User.swift */ = {isa = PBXFileReference; lastKnownFileType = sourcecode.swift; path = User.swift; sourceTree = "<group>"; };
		3AF55EA32BF0F8B200F7C330 /* Twitter-Clone.app */ = {isa = PBXFileReference; explicitFileType = wrapper.application; includeInIndex = 0; path = "Twitter-Clone.app"; sourceTree = BUILT_PRODUCTS_DIR; };
		3AF55EA62BF0F8B200F7C330 /* Twitter_CloneApp.swift */ = {isa = PBXFileReference; lastKnownFileType = sourcecode.swift; path = Twitter_CloneApp.swift; sourceTree = "<group>"; };
		3AF55EA82BF0F8B200F7C330 /* ContentView.swift */ = {isa = PBXFileReference; lastKnownFileType = sourcecode.swift; path = ContentView.swift; sourceTree = "<group>"; };
		3AF55EAA2BF0F8B300F7C330 /* Assets.xcassets */ = {isa = PBXFileReference; lastKnownFileType = folder.assetcatalog; path = Assets.xcassets; sourceTree = "<group>"; };
		3AF55EAD2BF0F8B300F7C330 /* Preview Assets.xcassets */ = {isa = PBXFileReference; lastKnownFileType = folder.assetcatalog; path = "Preview Assets.xcassets"; sourceTree = "<group>"; };
/* End PBXFileReference section */

/* Begin PBXFrameworksBuildPhase section */
		3AF55EA02BF0F8B200F7C330 /* Frameworks */ = {
			isa = PBXFrameworksBuildPhase;
			buildActionMask = 2147483647;
			files = (
				3A90E3AE2BF56F0C00F486CA /* FirebaseAuth in Frameworks */,
				3A90E3B42BF56F0C00F486CA /* FirebaseStorage in Frameworks */,
				3A90E3B02BF56F0C00F486CA /* FirebaseFirestore in Frameworks */,
				3A90E3B22BF56F0C00F486CA /* FirebaseFirestoreSwift in Frameworks */,
				3AF3FCBC2BF6FCA30000712C /* Kingfisher in Frameworks */,
			);
			runOnlyForDeploymentPostprocessing = 0;
		};
/* End PBXFrameworksBuildPhase section */

/* Begin PBXGroup section */
		3A251E5B2BF518E500643F2C /* Authentication */ = {
			isa = PBXGroup;
			children = (
				3A251E5D2BF5190200643F2C /* ViewModels */,
				3A251E5C2BF518FF00643F2C /* Views */,
				3A90E3A82BF55D3700F486CA /* AuthHeaderView.swift */,
			);
			path = Authentication;
			sourceTree = "<group>";
		};
		3A251E5C2BF518FF00643F2C /* Views */ = {
			isa = PBXGroup;
			children = (
				3A251E5E2BF5193E00643F2C /* LoginView.swift */,
				3A251E602BF519A500643F2C /* RegistrationView.swift */,
				3A24D9222BF681DE00E829CF /* ProfilePhotoSelectorView.swift */,
			);
			path = Views;
			sourceTree = "<group>";
		};
		3A251E5D2BF5190200643F2C /* ViewModels */ = {
			isa = PBXGroup;
			children = (
				3A87F88B2BF58422008963EF /* AuthViewModel.swift */,
			);
			path = ViewModels;
			sourceTree = "<group>";
		};
		3A36BA362BF3EB1B00470C8C /* SideMenu */ = {
			isa = PBXGroup;
			children = (
				3A36BA382BF3EB2500470C8C /* ViewModel */,
				3A36BA372BF3EB2300470C8C /* Views */,
			);
			path = SideMenu;
			sourceTree = "<group>";
		};
		3A36BA372BF3EB2300470C8C /* Views */ = {
			isa = PBXGroup;
			children = (
				3A36BA392BF3EB4800470C8C /* SideMenuView.swift */,
				3A36BA3B2BF3EB6F00470C8C /* SideMenuRowView.swift */,
				3A36BA412BF4177D00470C8C /* SideMenuOptionRowView.swift */,
			);
			path = Views;
			sourceTree = "<group>";
		};
		3A36BA382BF3EB2500470C8C /* ViewModel */ = {
			isa = PBXGroup;
			children = (
				3A36BA3D2BF3EB9900470C8C /* SideMenuViewModel.swift */,
			);
			path = ViewModel;
			sourceTree = "<group>";
		};
		3A36BA432BF43A9200470C8C /* UploadTweet */ = {
			isa = PBXGroup;
			children = (
				3A36BA452BF43AA500470C8C /* ViewModels */,
				3A36BA442BF43AA300470C8C /* Views */,
			);
			path = UploadTweet;
			sourceTree = "<group>";
		};
		3A36BA442BF43AA300470C8C /* Views */ = {
			isa = PBXGroup;
			children = (
				3A36BA462BF43ADB00470C8C /* NewTweetView.swift */,
			);
			path = Views;
			sourceTree = "<group>";
		};
		3A36BA452BF43AA500470C8C /* ViewModels */ = {
			isa = PBXGroup;
			children = (
				3AE326182BF967D40008983B /* UploadTweetViewModel.swift */,
			);
			path = ViewModels;
			sourceTree = "<group>";
		};
		3A8153CF2BF284BB00F0CEC0 /* Tweets */ = {
			isa = PBXGroup;
			children = (
				3A8153D02BF284CE00F0CEC0 /* TweetRowView.swift */,
			);
			path = Tweets;
			sourceTree = "<group>";
		};
		3A8153D22BF2A0C500F0CEC0 /* MainTab */ = {
			isa = PBXGroup;
			children = (
				3A8153D32BF2A0DE00F0CEC0 /* MainTabView.swift */,
			);
			path = MainTab;
			sourceTree = "<group>";
		};
		3AEB95C52BF2AC2D0083999B /* Notifications */ = {
			isa = PBXGroup;
			children = (
				3AEB95CD2BF2AD350083999B /* NotificationsView.swift */,
			);
			path = Notifications;
			sourceTree = "<group>";
		};
		3AEB95C62BF2AC300083999B /* Explore */ = {
			isa = PBXGroup;
			children = (
				3AEB95D72BF2FC1E0083999B /* ViewModels */,
				3AEB95D62BF2FC1B0083999B /* Views */,
			);
			path = Explore;
			sourceTree = "<group>";
		};
		3AEB95C72BF2AC320083999B /* Profile */ = {
			isa = PBXGroup;
			children = (
				3AEB95D02BF2B0080083999B /* ViewModels */,
				3AEB95CF2BF2B0010083999B /* Views */,
			);
			path = Profile;
			sourceTree = "<group>";
		};
		3AEB95C82BF2AC610083999B /* Messages */ = {
			isa = PBXGroup;
			children = (
				3AEB95CB2BF2AD1B0083999B /* MessagesView.swift */,
			);
			path = Messages;
			sourceTree = "<group>";
		};
		3AEB95CF2BF2B0010083999B /* Views */ = {
			isa = PBXGroup;
			children = (
				3AEB95D12BF2B02B0083999B /* ProfileView.swift */,
			);
			path = Views;
			sourceTree = "<group>";
		};
		3AEB95D02BF2B0080083999B /* ViewModels */ = {
			isa = PBXGroup;
			children = (
				3AEB95D42BF2E2A70083999B /* TweetFilterViewModel.swift */,
				3A6231282BFC07DC007570D5 /* ProfileViewModel.swift */,
			);
			path = ViewModels;
			sourceTree = "<group>";
		};
		3AEB95D62BF2FC1B0083999B /* Views */ = {
			isa = PBXGroup;
			children = (
				3AEB95C92BF2AD000083999B /* ExploreView.swift */,
			);
			path = Views;
			sourceTree = "<group>";
		};
		3AEB95D72BF2FC1E0083999B /* ViewModels */ = {
			isa = PBXGroup;
			children = (
				3A3EAA542BF8351600963D46 /* ExploreViewModel.swift */,
			);
			path = ViewModels;
			sourceTree = "<group>";
		};
		3AEB95D82BF2FC7D0083999B /* Users */ = {
			isa = PBXGroup;
			children = (
				3AEB95D92BF2FC940083999B /* UserRowView.swift */,
				3A36BA3F2BF3F3B900470C8C /* UserStatsView.swift */,
			);
			path = Users;
			sourceTree = "<group>";
		};
		3AF3FCAF2BF6967E0000712C /* Utilities */ = {
			isa = PBXGroup;
			children = (
				3AF3FCB02BF696980000712C /* ImagePicker.swift */,
			);
			path = Utilities;
			sourceTree = "<group>";
		};
		3AF55E9A2BF0F8B200F7C330 = {
			isa = PBXGroup;
			children = (
				3AF55EA52BF0F8B200F7C330 /* Twitter-Clone */,
				3AF55EA42BF0F8B200F7C330 /* Products */,
			);
			sourceTree = "<group>";
		};
		3AF55EA42BF0F8B200F7C330 /* Products */ = {
			isa = PBXGroup;
			children = (
				3AF55EA32BF0F8B200F7C330 /* Twitter-Clone.app */,
			);
			name = Products;
			sourceTree = "<group>";
		};
		3AF55EA52BF0F8B200F7C330 /* Twitter-Clone */ = {
			isa = PBXGroup;
			children = (
				3AF3FCAF2BF6967E0000712C /* Utilities */,
				3AF55EB72BF0FB7600F7C330 /* Extensions */,
				3AF55EB62BF0FB7400F7C330 /* Model */,
				3AF55EB42BF0FB6E00F7C330 /* Service */,
				3AF55EB52BF0FB7200F7C330 /* Core */,
				3AF55EA62BF0F8B200F7C330 /* Twitter_CloneApp.swift */,
				3AF55EA82BF0F8B200F7C330 /* ContentView.swift */,
				3AF55EAA2BF0F8B300F7C330 /* Assets.xcassets */,
				3A90E3AA2BF56E3B00F486CA /* GoogleService-Info.plist */,
				3AF55EAC2BF0F8B300F7C330 /* Preview Content */,
			);
			path = "Twitter-Clone";
			sourceTree = "<group>";
		};
		3AF55EAC2BF0F8B300F7C330 /* Preview Content */ = {
			isa = PBXGroup;
			children = (
				3AF55EAD2BF0F8B300F7C330 /* Preview Assets.xcassets */,
			);
			path = "Preview Content";
			sourceTree = "<group>";
		};
		3AF55EB42BF0FB6E00F7C330 /* Service */ = {
			isa = PBXGroup;
			children = (
				3AF3FCB42BF6C77A0000712C /* ImageUploader.swift */,
				3AF3FCB62BF6E3C00000712C /* UserService.swift */,
				3AE326162BF965A80008983B /* TweetService.swift */,
			);
			path = Service;
			sourceTree = "<group>";
		};
		3AF55EB52BF0FB7200F7C330 /* Core */ = {
			isa = PBXGroup;
			children = (
				3AF55EB92BF0FBEB00F7C330 /* Components */,
				3A251E5B2BF518E500643F2C /* Authentication */,
				3A36BA432BF43A9200470C8C /* UploadTweet */,
				3A36BA362BF3EB1B00470C8C /* SideMenu */,
				3AEB95C72BF2AC320083999B /* Profile */,
				3AEB95C62BF2AC300083999B /* Explore */,
				3AEB95C82BF2AC610083999B /* Messages */,
				3AEB95C52BF2AC2D0083999B /* Notifications */,
				3A8153D22BF2A0C500F0CEC0 /* MainTab */,
				3AF55EB82BF0FBE000F7C330 /* Feed */,
			);
			path = Core;
			sourceTree = "<group>";
		};
		3AF55EB62BF0FB7400F7C330 /* Model */ = {
			isa = PBXGroup;
			children = (
				3AF3FCB82BF6E8F10000712C /* User.swift */,
				3A6231262BFBDDB7007570D5 /* Tweet.swift */,
			);
			path = Model;
			sourceTree = "<group>";
		};
		3AF55EB72BF0FB7600F7C330 /* Extensions */ = {
			isa = PBXGroup;
			children = (
			);
			path = Extensions;
			sourceTree = "<group>";
		};
		3AF55EB82BF0FBE000F7C330 /* Feed */ = {
			isa = PBXGroup;
			children = (
				3AF55EBC2BF0FCC100F7C330 /* ViewModels */,
				3AF55EBA2BF0FCB100F7C330 /* View */,
			);
			path = Feed;
			sourceTree = "<group>";
		};
		3AF55EB92BF0FBEB00F7C330 /* Components */ = {
			isa = PBXGroup;
			children = (
				3AEB95D82BF2FC7D0083999B /* Users */,
				3A8153CF2BF284BB00F0CEC0 /* Tweets */,
				3A90E3A62BF5494800F486CA /* CustomInputField.swift */,
				3A90E3A42BF53CA800F486CA /* RoundedShape.swift */,
				3A36BA482BF43E2E00470C8C /* TextArea.swift */,
				3A3EAA562BF8431200963D46 /* SearchBar.swift */,
			);
			path = Components;
			sourceTree = "<group>";
		};
		3AF55EBA2BF0FCB100F7C330 /* View */ = {
			isa = PBXGroup;
			children = (
				3A8153CD2BF2834800F0CEC0 /* FeedView.swift */,
			);
			path = View;
			sourceTree = "<group>";
		};
		3AF55EBC2BF0FCC100F7C330 /* ViewModels */ = {
			isa = PBXGroup;
			children = (
				3A6231242BFBDB34007570D5 /* FeedViewModel.swift */,
			);
			path = ViewModels;
			sourceTree = "<group>";
		};
/* End PBXGroup section */

/* Begin PBXNativeTarget section */
		3AF55EA22BF0F8B200F7C330 /* Twitter-Clone */ = {
			isa = PBXNativeTarget;
			buildConfigurationList = 3AF55EB12BF0F8B300F7C330 /* Build configuration list for PBXNativeTarget "Twitter-Clone" */;
			buildPhases = (
				3AF55E9F2BF0F8B200F7C330 /* Sources */,
				3AF55EA02BF0F8B200F7C330 /* Frameworks */,
				3AF55EA12BF0F8B200F7C330 /* Resources */,
			);
			buildRules = (
			);
			dependencies = (
			);
			name = "Twitter-Clone";
			packageProductDependencies = (
				3A90E3AD2BF56F0C00F486CA /* FirebaseAuth */,
				3A90E3AF2BF56F0C00F486CA /* FirebaseFirestore */,
				3A90E3B12BF56F0C00F486CA /* FirebaseFirestoreSwift */,
				3A90E3B32BF56F0C00F486CA /* FirebaseStorage */,
				3AF3FCBB2BF6FCA30000712C /* Kingfisher */,
			);
			productName = "Twitter-Clone";
			productReference = 3AF55EA32BF0F8B200F7C330 /* Twitter-Clone.app */;
			productType = "com.apple.product-type.application";
		};
/* End PBXNativeTarget section */

/* Begin PBXProject section */
		3AF55E9B2BF0F8B200F7C330 /* Project object */ = {
			isa = PBXProject;
			attributes = {
				BuildIndependentTargetsInParallel = 1;
				LastSwiftUpdateCheck = 1530;
				LastUpgradeCheck = 1530;
				TargetAttributes = {
					3AF55EA22BF0F8B200F7C330 = {
						CreatedOnToolsVersion = 15.3;
					};
				};
			};
			buildConfigurationList = 3AF55E9E2BF0F8B200F7C330 /* Build configuration list for PBXProject "Twitter-Clone" */;
			compatibilityVersion = "Xcode 14.0";
			developmentRegion = en;
			hasScannedForEncodings = 0;
			knownRegions = (
				en,
				Base,
			);
			mainGroup = 3AF55E9A2BF0F8B200F7C330;
			packageReferences = (
				3A90E3AC2BF56F0C00F486CA /* XCRemoteSwiftPackageReference "firebase-ios-sdk" */,
				3AF3FCBA2BF6FCA30000712C /* XCRemoteSwiftPackageReference "Kingfisher" */,
			);
			productRefGroup = 3AF55EA42BF0F8B200F7C330 /* Products */;
			projectDirPath = "";
			projectRoot = "";
			targets = (
				3AF55EA22BF0F8B200F7C330 /* Twitter-Clone */,
			);
		};
/* End PBXProject section */

/* Begin PBXResourcesBuildPhase section */
		3AF55EA12BF0F8B200F7C330 /* Resources */ = {
			isa = PBXResourcesBuildPhase;
			buildActionMask = 2147483647;
			files = (
				3AF55EAE2BF0F8B300F7C330 /* Preview Assets.xcassets in Resources */,
				3AF55EAB2BF0F8B300F7C330 /* Assets.xcassets in Resources */,
				3A90E3AB2BF56E3B00F486CA /* GoogleService-Info.plist in Resources */,
			);
			runOnlyForDeploymentPostprocessing = 0;
		};
/* End PBXResourcesBuildPhase section */

/* Begin PBXSourcesBuildPhase section */
		3AF55E9F2BF0F8B200F7C330 /* Sources */ = {
			isa = PBXSourcesBuildPhase;
			buildActionMask = 2147483647;
			files = (
				3AF55EA92BF0F8B200F7C330 /* ContentView.swift in Sources */,
				3AEB95D22BF2B02B0083999B /* ProfileView.swift in Sources */,
				3A8153D12BF284CE00F0CEC0 /* TweetRowView.swift in Sources */,
				3A36BA3C2BF3EB6F00470C8C /* SideMenuRowView.swift in Sources */,
				3A8153CE2BF2834800F0CEC0 /* FeedView.swift in Sources */,
				3AEB95D52BF2E2A70083999B /* TweetFilterViewModel.swift in Sources */,
				3A3EAA572BF8431200963D46 /* SearchBar.swift in Sources */,
				3AE326172BF965A80008983B /* TweetService.swift in Sources */,
				3A3EAA552BF8351600963D46 /* ExploreViewModel.swift in Sources */,
				3A90E3A72BF5494800F486CA /* CustomInputField.swift in Sources */,
				3AF55EA72BF0F8B200F7C330 /* Twitter_CloneApp.swift in Sources */,
				3AF3FCB92BF6E8F10000712C /* User.swift in Sources */,
				3A36BA492BF43E2E00470C8C /* TextArea.swift in Sources */,
				3A36BA3A2BF3EB4800470C8C /* SideMenuView.swift in Sources */,
				3AE326192BF967D40008983B /* UploadTweetViewModel.swift in Sources */,
				3AEB95CC2BF2AD1B0083999B /* MessagesView.swift in Sources */,
				3A36BA472BF43ADB00470C8C /* NewTweetView.swift in Sources */,
				3AEB95CA2BF2AD000083999B /* ExploreView.swift in Sources */,
				3A6231252BFBDB34007570D5 /* FeedViewModel.swift in Sources */,
				3AF3FCB12BF696980000712C /* ImagePicker.swift in Sources */,
				3A36BA3E2BF3EB9900470C8C /* SideMenuViewModel.swift in Sources */,
				3A24D9232BF681DE00E829CF /* ProfilePhotoSelectorView.swift in Sources */,
				3AF3FCB72BF6E3C00000712C /* UserService.swift in Sources */,
				3AEB95DA2BF2FC940083999B /* UserRowView.swift in Sources */,
				3A90E3A52BF53CA800F486CA /* RoundedShape.swift in Sources */,
				3A36BA422BF4177E00470C8C /* SideMenuOptionRowView.swift in Sources */,
				3A8153D42BF2A0DE00F0CEC0 /* MainTabView.swift in Sources */,
				3AF3FCB52BF6C77A0000712C /* ImageUploader.swift in Sources */,
				3A251E5F2BF5193E00643F2C /* LoginView.swift in Sources */,
				3AEB95CE2BF2AD350083999B /* NotificationsView.swift in Sources */,
				3A6231292BFC07DC007570D5 /* ProfileViewModel.swift in Sources */,
				3A87F88C2BF58422008963EF /* AuthViewModel.swift in Sources */,
				3A6231272BFBDDB7007570D5 /* Tweet.swift in Sources */,
				3A90E3A92BF55D3700F486CA /* AuthHeaderView.swift in Sources */,
				3A36BA402BF3F3B900470C8C /* UserStatsView.swift in Sources */,
				3A251E612BF519A500643F2C /* RegistrationView.swift in Sources */,
			);
			runOnlyForDeploymentPostprocessing = 0;
		};
/* End PBXSourcesBuildPhase section */

/* Begin XCBuildConfiguration section */
		3AF55EAF2BF0F8B300F7C330 /* Debug */ = {
			isa = XCBuildConfiguration;
			buildSettings = {
				ALWAYS_SEARCH_USER_PATHS = NO;
				ASSETCATALOG_COMPILER_GENERATE_SWIFT_ASSET_SYMBOL_EXTENSIONS = YES;
				CLANG_ANALYZER_NONNULL = YES;
				CLANG_ANALYZER_NUMBER_OBJECT_CONVERSION = YES_AGGRESSIVE;
				CLANG_CXX_LANGUAGE_STANDARD = "gnu++20";
				CLANG_ENABLE_MODULES = YES;
				CLANG_ENABLE_OBJC_ARC = YES;
				CLANG_ENABLE_OBJC_WEAK = YES;
				CLANG_WARN_BLOCK_CAPTURE_AUTORELEASING = YES;
				CLANG_WARN_BOOL_CONVERSION = YES;
				CLANG_WARN_COMMA = YES;
				CLANG_WARN_CONSTANT_CONVERSION = YES;
				CLANG_WARN_DEPRECATED_OBJC_IMPLEMENTATIONS = YES;
				CLANG_WARN_DIRECT_OBJC_ISA_USAGE = YES_ERROR;
				CLANG_WARN_DOCUMENTATION_COMMENTS = YES;
				CLANG_WARN_EMPTY_BODY = YES;
				CLANG_WARN_ENUM_CONVERSION = YES;
				CLANG_WARN_INFINITE_RECURSION = YES;
				CLANG_WARN_INT_CONVERSION = YES;
				CLANG_WARN_NON_LITERAL_NULL_CONVERSION = YES;
				CLANG_WARN_OBJC_IMPLICIT_RETAIN_SELF = YES;
				CLANG_WARN_OBJC_LITERAL_CONVERSION = YES;
				CLANG_WARN_OBJC_ROOT_CLASS = YES_ERROR;
				CLANG_WARN_QUOTED_INCLUDE_IN_FRAMEWORK_HEADER = YES;
				CLANG_WARN_RANGE_LOOP_ANALYSIS = YES;
				CLANG_WARN_STRICT_PROTOTYPES = YES;
				CLANG_WARN_SUSPICIOUS_MOVE = YES;
				CLANG_WARN_UNGUARDED_AVAILABILITY = YES_AGGRESSIVE;
				CLANG_WARN_UNREACHABLE_CODE = YES;
				CLANG_WARN__DUPLICATE_METHOD_MATCH = YES;
				COPY_PHASE_STRIP = NO;
				DEBUG_INFORMATION_FORMAT = dwarf;
				ENABLE_STRICT_OBJC_MSGSEND = YES;
				ENABLE_TESTABILITY = YES;
				ENABLE_USER_SCRIPT_SANDBOXING = YES;
				GCC_C_LANGUAGE_STANDARD = gnu17;
				GCC_DYNAMIC_NO_PIC = NO;
				GCC_NO_COMMON_BLOCKS = YES;
				GCC_OPTIMIZATION_LEVEL = 0;
				GCC_PREPROCESSOR_DEFINITIONS = (
					"DEBUG=1",
					"$(inherited)",
				);
				GCC_WARN_64_TO_32_BIT_CONVERSION = YES;
				GCC_WARN_ABOUT_RETURN_TYPE = YES_ERROR;
				GCC_WARN_UNDECLARED_SELECTOR = YES;
				GCC_WARN_UNINITIALIZED_AUTOS = YES_AGGRESSIVE;
				GCC_WARN_UNUSED_FUNCTION = YES;
				GCC_WARN_UNUSED_VARIABLE = YES;
				IPHONEOS_DEPLOYMENT_TARGET = 17.4;
				LOCALIZATION_PREFERS_STRING_CATALOGS = YES;
				MTL_ENABLE_DEBUG_INFO = INCLUDE_SOURCE;
				MTL_FAST_MATH = YES;
				ONLY_ACTIVE_ARCH = YES;
				SDKROOT = iphoneos;
				SWIFT_ACTIVE_COMPILATION_CONDITIONS = "DEBUG $(inherited)";
				SWIFT_OPTIMIZATION_LEVEL = "-Onone";
			};
			name = Debug;
		};
		3AF55EB02BF0F8B300F7C330 /* Release */ = {
			isa = XCBuildConfiguration;
			buildSettings = {
				ALWAYS_SEARCH_USER_PATHS = NO;
				ASSETCATALOG_COMPILER_GENERATE_SWIFT_ASSET_SYMBOL_EXTENSIONS = YES;
				CLANG_ANALYZER_NONNULL = YES;
				CLANG_ANALYZER_NUMBER_OBJECT_CONVERSION = YES_AGGRESSIVE;
				CLANG_CXX_LANGUAGE_STANDARD = "gnu++20";
				CLANG_ENABLE_MODULES = YES;
				CLANG_ENABLE_OBJC_ARC = YES;
				CLANG_ENABLE_OBJC_WEAK = YES;
				CLANG_WARN_BLOCK_CAPTURE_AUTORELEASING = YES;
				CLANG_WARN_BOOL_CONVERSION = YES;
				CLANG_WARN_COMMA = YES;
				CLANG_WARN_CONSTANT_CONVERSION = YES;
				CLANG_WARN_DEPRECATED_OBJC_IMPLEMENTATIONS = YES;
				CLANG_WARN_DIRECT_OBJC_ISA_USAGE = YES_ERROR;
				CLANG_WARN_DOCUMENTATION_COMMENTS = YES;
				CLANG_WARN_EMPTY_BODY = YES;
				CLANG_WARN_ENUM_CONVERSION = YES;
				CLANG_WARN_INFINITE_RECURSION = YES;
				CLANG_WARN_INT_CONVERSION = YES;
				CLANG_WARN_NON_LITERAL_NULL_CONVERSION = YES;
				CLANG_WARN_OBJC_IMPLICIT_RETAIN_SELF = YES;
				CLANG_WARN_OBJC_LITERAL_CONVERSION = YES;
				CLANG_WARN_OBJC_ROOT_CLASS = YES_ERROR;
				CLANG_WARN_QUOTED_INCLUDE_IN_FRAMEWORK_HEADER = YES;
				CLANG_WARN_RANGE_LOOP_ANALYSIS = YES;
				CLANG_WARN_STRICT_PROTOTYPES = YES;
				CLANG_WARN_SUSPICIOUS_MOVE = YES;
				CLANG_WARN_UNGUARDED_AVAILABILITY = YES_AGGRESSIVE;
				CLANG_WARN_UNREACHABLE_CODE = YES;
				CLANG_WARN__DUPLICATE_METHOD_MATCH = YES;
				COPY_PHASE_STRIP = NO;
				DEBUG_INFORMATION_FORMAT = "dwarf-with-dsym";
				ENABLE_NS_ASSERTIONS = NO;
				ENABLE_STRICT_OBJC_MSGSEND = YES;
				ENABLE_USER_SCRIPT_SANDBOXING = YES;
				GCC_C_LANGUAGE_STANDARD = gnu17;
				GCC_NO_COMMON_BLOCKS = YES;
				GCC_WARN_64_TO_32_BIT_CONVERSION = YES;
				GCC_WARN_ABOUT_RETURN_TYPE = YES_ERROR;
				GCC_WARN_UNDECLARED_SELECTOR = YES;
				GCC_WARN_UNINITIALIZED_AUTOS = YES_AGGRESSIVE;
				GCC_WARN_UNUSED_FUNCTION = YES;
				GCC_WARN_UNUSED_VARIABLE = YES;
				IPHONEOS_DEPLOYMENT_TARGET = 17.4;
				LOCALIZATION_PREFERS_STRING_CATALOGS = YES;
				MTL_ENABLE_DEBUG_INFO = NO;
				MTL_FAST_MATH = YES;
				SDKROOT = iphoneos;
				SWIFT_COMPILATION_MODE = wholemodule;
				VALIDATE_PRODUCT = YES;
			};
			name = Release;
		};
		3AF55EB22BF0F8B300F7C330 /* Debug */ = {
			isa = XCBuildConfiguration;
			buildSettings = {
				ASSETCATALOG_COMPILER_APPICON_NAME = AppIcon;
				ASSETCATALOG_COMPILER_GLOBAL_ACCENT_COLOR_NAME = AccentColor;
				CODE_SIGN_STYLE = Automatic;
				CURRENT_PROJECT_VERSION = 1;
				DEVELOPMENT_ASSET_PATHS = "\"Twitter-Clone/Preview Content\"";
				ENABLE_PREVIEWS = YES;
				GENERATE_INFOPLIST_FILE = YES;
				INFOPLIST_KEY_UIApplicationSceneManifest_Generation = YES;
				INFOPLIST_KEY_UIApplicationSupportsIndirectInputEvents = YES;
				INFOPLIST_KEY_UILaunchScreen_Generation = YES;
				INFOPLIST_KEY_UISupportedInterfaceOrientations_iPad = "UIInterfaceOrientationPortrait UIInterfaceOrientationPortraitUpsideDown UIInterfaceOrientationLandscapeLeft UIInterfaceOrientationLandscapeRight";
				INFOPLIST_KEY_UISupportedInterfaceOrientations_iPhone = "UIInterfaceOrientationPortrait UIInterfaceOrientationLandscapeLeft UIInterfaceOrientationLandscapeRight";
				LD_RUNPATH_SEARCH_PATHS = (
					"$(inherited)",
					"@executable_path/Frameworks",
				);
				MARKETING_VERSION = 1.0;
				PRODUCT_BUNDLE_IDENTIFIER = "ejder.com.Twitter-Clone";
				PRODUCT_NAME = "$(TARGET_NAME)";
				SWIFT_EMIT_LOC_STRINGS = YES;
				SWIFT_VERSION = 5.0;
				TARGETED_DEVICE_FAMILY = "1,2";
			};
			name = Debug;
		};
		3AF55EB32BF0F8B300F7C330 /* Release */ = {
			isa = XCBuildConfiguration;
			buildSettings = {
				ASSETCATALOG_COMPILER_APPICON_NAME = AppIcon;
				ASSETCATALOG_COMPILER_GLOBAL_ACCENT_COLOR_NAME = AccentColor;
				CODE_SIGN_STYLE = Automatic;
				CURRENT_PROJECT_VERSION = 1;
				DEVELOPMENT_ASSET_PATHS = "\"Twitter-Clone/Preview Content\"";
				ENABLE_PREVIEWS = YES;
				GENERATE_INFOPLIST_FILE = YES;
				INFOPLIST_KEY_UIApplicationSceneManifest_Generation = YES;
				INFOPLIST_KEY_UIApplicationSupportsIndirectInputEvents = YES;
				INFOPLIST_KEY_UILaunchScreen_Generation = YES;
				INFOPLIST_KEY_UISupportedInterfaceOrientations_iPad = "UIInterfaceOrientationPortrait UIInterfaceOrientationPortraitUpsideDown UIInterfaceOrientationLandscapeLeft UIInterfaceOrientationLandscapeRight";
				INFOPLIST_KEY_UISupportedInterfaceOrientations_iPhone = "UIInterfaceOrientationPortrait UIInterfaceOrientationLandscapeLeft UIInterfaceOrientationLandscapeRight";
				LD_RUNPATH_SEARCH_PATHS = (
					"$(inherited)",
					"@executable_path/Frameworks",
				);
				MARKETING_VERSION = 1.0;
				PRODUCT_BUNDLE_IDENTIFIER = "ejder.com.Twitter-Clone";
				PRODUCT_NAME = "$(TARGET_NAME)";
				SWIFT_EMIT_LOC_STRINGS = YES;
				SWIFT_VERSION = 5.0;
				TARGETED_DEVICE_FAMILY = "1,2";
			};
			name = Release;
		};
/* End XCBuildConfiguration section */

/* Begin XCConfigurationList section */
		3AF55E9E2BF0F8B200F7C330 /* Build configuration list for PBXProject "Twitter-Clone" */ = {
			isa = XCConfigurationList;
			buildConfigurations = (
				3AF55EAF2BF0F8B300F7C330 /* Debug */,
				3AF55EB02BF0F8B300F7C330 /* Release */,
			);
			defaultConfigurationIsVisible = 0;
			defaultConfigurationName = Release;
		};
		3AF55EB12BF0F8B300F7C330 /* Build configuration list for PBXNativeTarget "Twitter-Clone" */ = {
			isa = XCConfigurationList;
			buildConfigurations = (
				3AF55EB22BF0F8B300F7C330 /* Debug */,
				3AF55EB32BF0F8B300F7C330 /* Release */,
			);
			defaultConfigurationIsVisible = 0;
			defaultConfigurationName = Release;
		};
/* End XCConfigurationList section */

/* Begin XCRemoteSwiftPackageReference section */
		3A90E3AC2BF56F0C00F486CA /* XCRemoteSwiftPackageReference "firebase-ios-sdk" */ = {
			isa = XCRemoteSwiftPackageReference;
			repositoryURL = "https://github.com/firebase/firebase-ios-sdk";
			requirement = {
				kind = upToNextMajorVersion;
				minimumVersion = 10.26.0;
			};
		};
		3AF3FCBA2BF6FCA30000712C /* XCRemoteSwiftPackageReference "Kingfisher" */ = {
			isa = XCRemoteSwiftPackageReference;
			repositoryURL = "https://github.com/onevcat/Kingfisher.git";
			requirement = {
				kind = upToNextMajorVersion;
				minimumVersion = 7.11.0;
			};
		};
/* End XCRemoteSwiftPackageReference section */

/* Begin XCSwiftPackageProductDependency section */
		3A90E3AD2BF56F0C00F486CA /* FirebaseAuth */ = {
			isa = XCSwiftPackageProductDependency;
			package = 3A90E3AC2BF56F0C00F486CA /* XCRemoteSwiftPackageReference "firebase-ios-sdk" */;
			productName = FirebaseAuth;
		};
		3A90E3AF2BF56F0C00F486CA /* FirebaseFirestore */ = {
			isa = XCSwiftPackageProductDependency;
			package = 3A90E3AC2BF56F0C00F486CA /* XCRemoteSwiftPackageReference "firebase-ios-sdk" */;
			productName = FirebaseFirestore;
		};
		3A90E3B12BF56F0C00F486CA /* FirebaseFirestoreSwift */ = {
			isa = XCSwiftPackageProductDependency;
			package = 3A90E3AC2BF56F0C00F486CA /* XCRemoteSwiftPackageReference "firebase-ios-sdk" */;
			productName = FirebaseFirestoreSwift;
		};
		3A90E3B32BF56F0C00F486CA /* FirebaseStorage */ = {
			isa = XCSwiftPackageProductDependency;
			package = 3A90E3AC2BF56F0C00F486CA /* XCRemoteSwiftPackageReference "firebase-ios-sdk" */;
			productName = FirebaseStorage;
		};
		3AF3FCBB2BF6FCA30000712C /* Kingfisher */ = {
			isa = XCSwiftPackageProductDependency;
			package = 3AF3FCBA2BF6FCA30000712C /* XCRemoteSwiftPackageReference "Kingfisher" */;
			productName = Kingfisher;
		};
/* End XCSwiftPackageProductDependency section */
	};
	rootObject = 3AF55E9B2BF0F8B200F7C330 /* Project object */;
}
